
Microsoft Visual Studio Solution File, Format Version 12.00
# Visual Studio Version 17
VisualStudioVersion = 17.10.34707.107
MinimumVisualStudioVersion = 10.0.40219.1
Project("{FAE04EC0-301F-11D3-BF4B-00C04F79EFBC}") = "WebAppTagHelpers", "WebAppTagHelpers\WebAppTagHelpers.csproj", "{A76C3FE4-DC01-4A36-A4E6-D269B3197A3E}"
EndProject
Global
	GlobalSection(SolutionConfigurationPlatforms) = preSolution
		Debug|Any CPU = Debug|Any CPU
		Release|Any CPU = Release|Any CPU
	EndGlobalSection
	GlobalSection(ProjectConfigurationPlatforms) = postSolution
		{A76C3FE4-DC01-4A36-A4E6-D269B3197A3E}.Debug|Any CPU.ActiveCfg = Debug|Any CPU
		{A76C3FE4-DC01-4A36-A4E6-D269B3197A3E}.Debug|Any CPU.Build.0 = Debug|Any CPU
		{A76C3FE4-DC01-4A36-A4E6-D269B3197A3E}.Release|Any CPU.ActiveCfg = Release|Any CPU
		{A76C3FE4-DC01-4A36-A4E6-D269B3197A3E}.Release|Any CPU.Build.0 = Release|Any CPU
	EndGlobalSection
	GlobalSection(SolutionProperties) = preSolution
		HideSolutionNode = FALSE
	EndGlobalSection
	GlobalSection(ExtensibilityGlobals) = postSolution
		SolutionGuid = {50452D44-358F-498F-9DC3-00DBD6A4854E}
	EndGlobalSection
EndGlobal
